
Microsoft Visual Studio Solution File, Format Version 12.00
# Visual Studio Version 17
VisualStudioVersion = 17.9.34622.214
MinimumVisualStudioVersion = 10.0.40219.1
Project("{FAE04EC0-301F-11D3-BF4B-00C04F79EFBC}") = "ProductAdmin.API", "ProductAdmin.API\ProductAdmin.API.csproj", "{E8D536A8-2301-4C6C-907A-BD231D78089A}"
EndProject
Project("{2150E333-8FDC-42A3-9474-1A3956D46DE8}") = "Src", "Src", "{BBD3B9CA-C688-4BE8-B400-27C97369D98A}"
EndProject
Project("{2150E333-8FDC-42A3-9474-1A3956D46DE8}") = "Test", "Test", "{5A62C921-7B30-4AE0-B92F-63A8EB304237}"
EndProject
Project("{2150E333-8FDC-42A3-9474-1A3956D46DE8}") = "Core", "Core", "{CEDB92A1-CDA7-4380-AAD2-397F6F71B753}"
EndProject
Project("{2150E333-8FDC-42A3-9474-1A3956D46DE8}") = "Infrastructure", "Infrastructure", "{4BAA28D2-1685-4FA0-8F4B-709C20A646E5}"
EndProject
Project("{2150E333-8FDC-42A3-9474-1A3956D46DE8}") = "UnitTest", "UnitTest", "{FF829234-B147-423E-BF4A-805FE1E3C33D}"
EndProject
Project("{2150E333-8FDC-42A3-9474-1A3956D46DE8}") = "Application", "Application", "{4E3760F3-36A7-4D5B-8D2F-68EE402E2BF7}"
EndProject
Project("{2150E333-8FDC-42A3-9474-1A3956D46DE8}") = "Domian", "Domian", "{1C1A31B8-D24A-4C4D-8CCA-2FD83FF80A36}"
EndProject
Project("{FAE04EC0-301F-11D3-BF4B-00C04F79EFBC}") = "ProductAdmin.Application", "ProductAdmin.Application\ProductAdmin.Application.csproj", "{3A01ADED-CBC6-4AD5-BEC2-EA18A587AB95}"
EndProject
Project("{FAE04EC0-301F-11D3-BF4B-00C04F79EFBC}") = "ProductAdmin.Domain", "ProductAdmin.Domain\ProductAdmin.Domain.csproj", "{7C717C53-A2E3-4C77-8E74-AA6427FBF333}"
EndProject
Project("{FAE04EC0-301F-11D3-BF4B-00C04F79EFBC}") = "ProductAdmin.Infrastructure", "ProductAdmin.Infrastructure\ProductAdmin.Infrastructure.csproj", "{F9A22CE3-8662-4705-8308-E83A5AF12872}"
EndProject
Project("{2150E333-8FDC-42A3-9474-1A3956D46DE8}") = "Infrastructure", "Infrastructure", "{D6AC59CF-4FCB-4CC1-A487-AA2D051C2D81}"
EndProject
Project("{FAE04EC0-301F-11D3-BF4B-00C04F79EFBC}") = "ProductAdmin.Infrastructure.Test", "ProductAdmin.Infrastructure.Test\ProductAdmin.Infrastructure.Test.csproj", "{9035D2EE-BC78-4B8B-A62A-AB392F805BAF}"
EndProject
Project("{FAE04EC0-301F-11D3-BF4B-00C04F79EFBC}") = "ProductAdmin.Domain.Test", "ProductAdmin.Domain.Test\ProductAdmin.Domain.Test.csproj", "{0ED599F7-1E94-41FA-A05F-1D81AD9DF997}"
EndProject
Project("{FAE04EC0-301F-11D3-BF4B-00C04F79EFBC}") = "ProductAdmin.Application.Test", "ProductAdmin.Application.Test\ProductAdmin.Application.Test.csproj", "{C828E584-686A-4DDE-8C41-79631D6FC40F}"
EndProject
Project("{2150E333-8FDC-42A3-9474-1A3956D46DE8}") = "TestData", "TestData", "{F29508DA-BC6D-4806-BEE6-C41436C66E2F}"
EndProject
Project("{FAE04EC0-301F-11D3-BF4B-00C04F79EFBC}") = "ProductAdmin.TestData", "ProductAdmin.TestData\ProductAdmin.TestData.csproj", "{28AB36A7-7053-4E81-B450-8FF306FEA052}"
EndProject
Global
	GlobalSection(SolutionConfigurationPlatforms) = preSolution
		Debug|Any CPU = Debug|Any CPU
		Release|Any CPU = Release|Any CPU
	EndGlobalSection
	GlobalSection(ProjectConfigurationPlatforms) = postSolution
		{E8D536A8-2301-4C6C-907A-BD231D78089A}.Debug|Any CPU.ActiveCfg = Debug|Any CPU
		{E8D536A8-2301-4C6C-907A-BD231D78089A}.Debug|Any CPU.Build.0 = Debug|Any CPU
		{E8D536A8-2301-4C6C-907A-BD231D78089A}.Release|Any CPU.ActiveCfg = Release|Any CPU
		{E8D536A8-2301-4C6C-907A-BD231D78089A}.Release|Any CPU.Build.0 = Release|Any CPU
		{3A01ADED-CBC6-4AD5-BEC2-EA18A587AB95}.Debug|Any CPU.ActiveCfg = Debug|Any CPU
		{3A01ADED-CBC6-4AD5-BEC2-EA18A587AB95}.Debug|Any CPU.Build.0 = Debug|Any CPU
		{3A01ADED-CBC6-4AD5-BEC2-EA18A587AB95}.Release|Any CPU.ActiveCfg = Release|Any CPU
		{3A01ADED-CBC6-4AD5-BEC2-EA18A587AB95}.Release|Any CPU.Build.0 = Release|Any CPU
		{7C717C53-A2E3-4C77-8E74-AA6427FBF333}.Debug|Any CPU.ActiveCfg = Debug|Any CPU
		{7C717C53-A2E3-4C77-8E74-AA6427FBF333}.Debug|Any CPU.Build.0 = Debug|Any CPU
		{7C717C53-A2E3-4C77-8E74-AA6427FBF333}.Release|Any CPU.ActiveCfg = Release|Any CPU
		{7C717C53-A2E3-4C77-8E74-AA6427FBF333}.Release|Any CPU.Build.0 = Release|Any CPU
		{F9A22CE3-8662-4705-8308-E83A5AF12872}.Debug|Any CPU.ActiveCfg = Debug|Any CPU
		{F9A22CE3-8662-4705-8308-E83A5AF12872}.Debug|Any CPU.Build.0 = Debug|Any CPU
		{F9A22CE3-8662-4705-8308-E83A5AF12872}.Release|Any CPU.ActiveCfg = Release|Any CPU
		{F9A22CE3-8662-4705-8308-E83A5AF12872}.Release|Any CPU.Build.0 = Release|Any CPU
		{9035D2EE-BC78-4B8B-A62A-AB392F805BAF}.Debug|Any CPU.ActiveCfg = Debug|Any CPU
		{9035D2EE-BC78-4B8B-A62A-AB392F805BAF}.Debug|Any CPU.Build.0 = Debug|Any CPU
		{9035D2EE-BC78-4B8B-A62A-AB392F805BAF}.Release|Any CPU.ActiveCfg = Release|Any CPU
		{9035D2EE-BC78-4B8B-A62A-AB392F805BAF}.Release|Any CPU.Build.0 = Release|Any CPU
		{0ED599F7-1E94-41FA-A05F-1D81AD9DF997}.Debug|Any CPU.ActiveCfg = Debug|Any CPU
		{0ED599F7-1E94-41FA-A05F-1D81AD9DF997}.Debug|Any CPU.Build.0 = Debug|Any CPU
		{0ED599F7-1E94-41FA-A05F-1D81AD9DF997}.Release|Any CPU.ActiveCfg = Release|Any CPU
		{0ED599F7-1E94-41FA-A05F-1D81AD9DF997}.Release|Any CPU.Build.0 = Release|Any CPU
		{C828E584-686A-4DDE-8C41-79631D6FC40F}.Debug|Any CPU.ActiveCfg = Debug|Any CPU
		{C828E584-686A-4DDE-8C41-79631D6FC40F}.Debug|Any CPU.Build.0 = Debug|Any CPU
		{C828E584-686A-4DDE-8C41-79631D6FC40F}.Release|Any CPU.ActiveCfg = Release|Any CPU
		{C828E584-686A-4DDE-8C41-79631D6FC40F}.Release|Any CPU.Build.0 = Release|Any CPU
		{28AB36A7-7053-4E81-B450-8FF306FEA052}.Debug|Any CPU.ActiveCfg = Debug|Any CPU
		{28AB36A7-7053-4E81-B450-8FF306FEA052}.Debug|Any CPU.Build.0 = Debug|Any CPU
		{28AB36A7-7053-4E81-B450-8FF306FEA052}.Release|Any CPU.ActiveCfg = Release|Any CPU
		{28AB36A7-7053-4E81-B450-8FF306FEA052}.Release|Any CPU.Build.0 = Release|Any CPU
	EndGlobalSection
	GlobalSection(SolutionProperties) = preSolution
		HideSolutionNode = FALSE
	EndGlobalSection
	GlobalSection(NestedProjects) = preSolution
		{E8D536A8-2301-4C6C-907A-BD231D78089A} = {4BAA28D2-1685-4FA0-8F4B-709C20A646E5}
		{CEDB92A1-CDA7-4380-AAD2-397F6F71B753} = {BBD3B9CA-C688-4BE8-B400-27C97369D98A}
		{4BAA28D2-1685-4FA0-8F4B-709C20A646E5} = {BBD3B9CA-C688-4BE8-B400-27C97369D98A}
		{FF829234-B147-423E-BF4A-805FE1E3C33D} = {5A62C921-7B30-4AE0-B92F-63A8EB304237}
		{4E3760F3-36A7-4D5B-8D2F-68EE402E2BF7} = {FF829234-B147-423E-BF4A-805FE1E3C33D}
		{1C1A31B8-D24A-4C4D-8CCA-2FD83FF80A36} = {FF829234-B147-423E-BF4A-805FE1E3C33D}
		{3A01ADED-CBC6-4AD5-BEC2-EA18A587AB95} = {CEDB92A1-CDA7-4380-AAD2-397F6F71B753}
		{7C717C53-A2E3-4C77-8E74-AA6427FBF333} = {CEDB92A1-CDA7-4380-AAD2-397F6F71B753}
		{F9A22CE3-8662-4705-8308-E83A5AF12872} = {4BAA28D2-1685-4FA0-8F4B-709C20A646E5}
		{D6AC59CF-4FCB-4CC1-A487-AA2D051C2D81} = {FF829234-B147-423E-BF4A-805FE1E3C33D}
		{9035D2EE-BC78-4B8B-A62A-AB392F805BAF} = {D6AC59CF-4FCB-4CC1-A487-AA2D051C2D81}
		{0ED599F7-1E94-41FA-A05F-1D81AD9DF997} = {1C1A31B8-D24A-4C4D-8CCA-2FD83FF80A36}
		{C828E584-686A-4DDE-8C41-79631D6FC40F} = {4E3760F3-36A7-4D5B-8D2F-68EE402E2BF7}
		{F29508DA-BC6D-4806-BEE6-C41436C66E2F} = {FF829234-B147-423E-BF4A-805FE1E3C33D}
		{28AB36A7-7053-4E81-B450-8FF306FEA052} = {F29508DA-BC6D-4806-BEE6-C41436C66E2F}
	EndGlobalSection
	GlobalSection(ExtensibilityGlobals) = postSolution
		SolutionGuid = {540EFAAC-1469-4D8E-80EA-7D44992F9EC8}
	EndGlobalSection
EndGlobal
